
Microsoft Visual Studio Solution File, Format Version 12.00
# Visual Studio Version 17
VisualStudioVersion = 17.7.34024.191
MinimumVisualStudioVersion = 10.0.40219.1
Project("{FAE04EC0-301F-11D3-BF4B-00C04F79EFBC}") = "Homework-11-09-2023", "Homework-11-09-2023\Homework-11-09-2023.csproj", "{C010D0AD-4609-4D04-85EA-9F72851CA1AD}"
EndProject
Global
	GlobalSection(SolutionConfigurationPlatforms) = preSolution
		Debug|Any CPU = Debug|Any CPU
		Release|Any CPU = Release|Any CPU
	EndGlobalSection
	GlobalSection(ProjectConfigurationPlatforms) = postSolution
		{C010D0AD-4609-4D04-85EA-9F72851CA1AD}.Debug|Any CPU.ActiveCfg = Debug|Any CPU
		{C010D0AD-4609-4D04-85EA-9F72851CA1AD}.Debug|Any CPU.Build.0 = Debug|Any CPU
		{C010D0AD-4609-4D04-85EA-9F72851CA1AD}.Release|Any CPU.ActiveCfg = Release|Any CPU
		{C010D0AD-4609-4D04-85EA-9F72851CA1AD}.Release|Any CPU.Build.0 = Release|Any CPU
	EndGlobalSection
	GlobalSection(SolutionProperties) = preSolution
		HideSolutionNode = FALSE
	EndGlobalSection
	GlobalSection(ExtensibilityGlobals) = postSolution
		SolutionGuid = {2BC956DC-FA55-4B91-9C06-FADE0CEC8741}
	EndGlobalSection
EndGlobal
